
Microsoft Visual Studio Solution File, Format Version 12.00
# Visual Studio Version 17
VisualStudioVersion = 17.8.34601.278
MinimumVisualStudioVersion = 10.0.40219.1
Project("{FAE04EC0-301F-11D3-BF4B-00C04F79EFBC}") = "RealTimeML.Server", "RealTimeML.Server\RealTimeML.Server.csproj", "{6C3CAE5C-055A-4356-93F9-433F844D3F37}"
EndProject
Global
	GlobalSection(SolutionConfigurationPlatforms) = preSolution
		Debug|Any CPU = Debug|Any CPU
		Release|Any CPU = Release|Any CPU
	EndGlobalSection
	GlobalSection(ProjectConfigurationPlatforms) = postSolution
		{6C3CAE5C-055A-4356-93F9-433F844D3F37}.Debug|Any CPU.ActiveCfg = Debug|Any CPU
		{6C3CAE5C-055A-4356-93F9-433F844D3F37}.Debug|Any CPU.Build.0 = Debug|Any CPU
		{6C3CAE5C-055A-4356-93F9-433F844D3F37}.Release|Any CPU.ActiveCfg = Release|Any CPU
		{6C3CAE5C-055A-4356-93F9-433F844D3F37}.Release|Any CPU.Build.0 = Release|Any CPU
	EndGlobalSection
	GlobalSection(SolutionProperties) = preSolution
		HideSolutionNode = FALSE
	EndGlobalSection
	GlobalSection(ExtensibilityGlobals) = postSolution
		SolutionGuid = {B64D4C85-DFE0-4AF7-B85C-3D470D7DB9FD}
	EndGlobalSection
EndGlobal
